
Microsoft Visual Studio Solution File, Format Version 12.00
# Visual Studio 15
VisualStudioVersion = 15.0.27130.2027
MinimumVisualStudioVersion = 10.0.40219.1
Project("{9A19103F-16F7-4668-BE54-9A1E7A4F7556}") = "QP.ConfigurationService", "QP.ConfigurationService\QP.ConfigurationService.csproj", "{08C5ECB3-D302-4FCF-9FED-48AE38CC907A}"
EndProject
Project("{FAE04EC0-301F-11D3-BF4B-00C04F79EFBC}") = "QP.ConfigurationService.Client", "QP.ConfigurationService.Client\QP.ConfigurationService.Client.csproj", "{1A18AEDB-24ED-47DC-965C-FA993CDD62CF}"
EndProject
Project("{FAE04EC0-301F-11D3-BF4B-00C04F79EFBC}") = "QP.ConfigurationService.Models", "QP.ConfigurationService.Models\QP.ConfigurationService.Models.csproj", "{1D795888-0BB8-415A-ACFF-E4F850DF7AA9}"
EndProject
Global
	GlobalSection(SolutionConfigurationPlatforms) = preSolution
		Debug|Any CPU = Debug|Any CPU
		Release|Any CPU = Release|Any CPU
	EndGlobalSection
	GlobalSection(ProjectConfigurationPlatforms) = postSolution
		{08C5ECB3-D302-4FCF-9FED-48AE38CC907A}.Debug|Any CPU.ActiveCfg = Debug|Any CPU
		{08C5ECB3-D302-4FCF-9FED-48AE38CC907A}.Debug|Any CPU.Build.0 = Debug|Any CPU
		{08C5ECB3-D302-4FCF-9FED-48AE38CC907A}.Release|Any CPU.ActiveCfg = Release|Any CPU
		{08C5ECB3-D302-4FCF-9FED-48AE38CC907A}.Release|Any CPU.Build.0 = Release|Any CPU
		{1A18AEDB-24ED-47DC-965C-FA993CDD62CF}.Debug|Any CPU.ActiveCfg = Debug|Any CPU
		{1A18AEDB-24ED-47DC-965C-FA993CDD62CF}.Debug|Any CPU.Build.0 = Debug|Any CPU
		{1A18AEDB-24ED-47DC-965C-FA993CDD62CF}.Release|Any CPU.ActiveCfg = Release|Any CPU
		{1A18AEDB-24ED-47DC-965C-FA993CDD62CF}.Release|Any CPU.Build.0 = Release|Any CPU
		{1D795888-0BB8-415A-ACFF-E4F850DF7AA9}.Debug|Any CPU.ActiveCfg = Debug|Any CPU
		{1D795888-0BB8-415A-ACFF-E4F850DF7AA9}.Debug|Any CPU.Build.0 = Debug|Any CPU
		{1D795888-0BB8-415A-ACFF-E4F850DF7AA9}.Release|Any CPU.ActiveCfg = Release|Any CPU
		{1D795888-0BB8-415A-ACFF-E4F850DF7AA9}.Release|Any CPU.Build.0 = Release|Any CPU
	EndGlobalSection
	GlobalSection(SolutionProperties) = preSolution
		HideSolutionNode = FALSE
	EndGlobalSection
	GlobalSection(ExtensibilityGlobals) = postSolution
		SolutionGuid = {6315C1EA-99FD-4E2D-89F3-C1CCE58C29E6}
	EndGlobalSection
EndGlobal
